
Microsoft Visual Studio Solution File, Format Version 12.00
# Visual Studio Version 17
VisualStudioVersion = 17.8.34330.188
MinimumVisualStudioVersion = 10.0.40219.1
Project("{9A19103F-16F7-4668-BE54-9A1E7A4F7556}") = "NewsApi", "NewsApi\NewsApi.csproj", "{2B80A21F-41D3-4B03-A0C0-6043A5639BBD}"
EndProject
Project("{FAE04EC0-301F-11D3-BF4B-00C04F79EFBC}") = "NewsControllerTest", "NewsControllerTest\NewsControllerTest.csproj", "{C1DCC98A-2A28-401F-B6EB-686A0D719494}"
EndProject
Global
	GlobalSection(SolutionConfigurationPlatforms) = preSolution
		Debug|Any CPU = Debug|Any CPU
		Release|Any CPU = Release|Any CPU
	EndGlobalSection
	GlobalSection(ProjectConfigurationPlatforms) = postSolution
		{2B80A21F-41D3-4B03-A0C0-6043A5639BBD}.Debug|Any CPU.ActiveCfg = Debug|Any CPU
		{2B80A21F-41D3-4B03-A0C0-6043A5639BBD}.Debug|Any CPU.Build.0 = Debug|Any CPU
		{2B80A21F-41D3-4B03-A0C0-6043A5639BBD}.Release|Any CPU.ActiveCfg = Release|Any CPU
		{2B80A21F-41D3-4B03-A0C0-6043A5639BBD}.Release|Any CPU.Build.0 = Release|Any CPU
		{C1DCC98A-2A28-401F-B6EB-686A0D719494}.Debug|Any CPU.ActiveCfg = Debug|Any CPU
		{C1DCC98A-2A28-401F-B6EB-686A0D719494}.Debug|Any CPU.Build.0 = Debug|Any CPU
		{C1DCC98A-2A28-401F-B6EB-686A0D719494}.Release|Any CPU.ActiveCfg = Release|Any CPU
		{C1DCC98A-2A28-401F-B6EB-686A0D719494}.Release|Any CPU.Build.0 = Release|Any CPU
	EndGlobalSection
	GlobalSection(SolutionProperties) = preSolution
		HideSolutionNode = FALSE
	EndGlobalSection
	GlobalSection(ExtensibilityGlobals) = postSolution
		SolutionGuid = {F03C39CC-272C-43F4-A150-CE47C7106933}
	EndGlobalSection
EndGlobal
